// !$*UTF8*$!
{
	archiveVersion = 1;
	classes = {
	};
	objectVersion = 50;
	objects = {

/* Begin PBXBuildFile section */
		184E48E922AABD7600D5BCDD /* ImageDtailCell.m in Sources */ = {isa = PBXBuildFile; fileRef = 184E48E722AABD7600D5BCDD /* ImageDtailCell.m */; };
		184E48EF22AABDEB00D5BCDD /* FLAnimatedImage.m in Sources */ = {isa = PBXBuildFile; fileRef = 184E48EB22AABDEB00D5BCDD /* FLAnimatedImage.m */; };
		184E48F022AABDEB00D5BCDD /* FLAnimatedImageView.m in Sources */ = {isa = PBXBuildFile; fileRef = 184E48EC22AABDEB00D5BCDD /* FLAnimatedImageView.m */; };
		184E48F322AABDFD00D5BCDD /* XLImageLoading.m in Sources */ = {isa = PBXBuildFile; fileRef = 184E48F122AABDFD00D5BCDD /* XLImageLoading.m */; };
		184E496022AB377600D5BCDD /* DetailImageView.m in Sources */ = {isa = PBXBuildFile; fileRef = 184E495F22AB377600D5BCDD /* DetailImageView.m */; };
		184E496322AB6D1F00D5BCDD /* DetailImageInfo.m in Sources */ = {isa = PBXBuildFile; fileRef = 184E496222AB6D1F00D5BCDD /* DetailImageInfo.m */; };
		184E496722AC194E00D5BCDD /* ImageModelTests.m in Sources */ = {isa = PBXBuildFile; fileRef = 184E496622AC194E00D5BCDD /* ImageModelTests.m */; };
		184E497122AC4C6E00D5BCDD /* CoreDataPublicFunction.m in Sources */ = {isa = PBXBuildFile; fileRef = 184E496F22AC4C6D00D5BCDD /* CoreDataPublicFunction.m */; };
		184E497222AC4C6E00D5BCDD /* CoreDataAPI.m in Sources */ = {isa = PBXBuildFile; fileRef = 184E497022AC4C6D00D5BCDD /* CoreDataAPI.m */; };
		188F572E22A9A72400D75AFA /* AppDelegate.m in Sources */ = {isa = PBXBuildFile; fileRef = 188F572D22A9A72400D75AFA /* AppDelegate.m */; };
		188F573122A9A72400D75AFA /* MainViewController.m in Sources */ = {isa = PBXBuildFile; fileRef = 188F573022A9A72400D75AFA /* MainViewController.m */; };
		188F573422A9A72400D75AFA /* Main.storyboard in Resources */ = {isa = PBXBuildFile; fileRef = 188F573222A9A72400D75AFA /* Main.storyboard */; };
		188F573722A9A72400D75AFA /* Flickr_Assignment.xcdatamodeld in Sources */ = {isa = PBXBuildFile; fileRef = 188F573522A9A72400D75AFA /* Flickr_Assignment.xcdatamodeld */; };
		188F573922A9A72500D75AFA /* Assets.xcassets in Resources */ = {isa = PBXBuildFile; fileRef = 188F573822A9A72500D75AFA /* Assets.xcassets */; };
		188F573C22A9A72500D75AFA /* LaunchScreen.storyboard in Resources */ = {isa = PBXBuildFile; fileRef = 188F573A22A9A72500D75AFA /* LaunchScreen.storyboard */; };
		188F573F22A9A72500D75AFA /* main.m in Sources */ = {isa = PBXBuildFile; fileRef = 188F573E22A9A72500D75AFA /* main.m */; };
		188F574922A9A72500D75AFA /* Flickr_AssignmentTests.m in Sources */ = {isa = PBXBuildFile; fileRef = 188F574822A9A72500D75AFA /* Flickr_AssignmentTests.m */; };
		188F575422A9A72500D75AFA /* Flickr_AssignmentUITests.m in Sources */ = {isa = PBXBuildFile; fileRef = 188F575322A9A72500D75AFA /* Flickr_AssignmentUITests.m */; };
		752D44AA22AA02D6008B3811 /* ImageModel.m in Sources */ = {isa = PBXBuildFile; fileRef = 752D44A922AA02D6008B3811 /* ImageModel.m */; };
		752D44B022AA04E7008B3811 /* XCWaterFlowLayout.m in Sources */ = {isa = PBXBuildFile; fileRef = 752D44AF22AA04E7008B3811 /* XCWaterFlowLayout.m */; };
		75F944D222AA23A600A24922 /* ImageCell.m in Sources */ = {isa = PBXBuildFile; fileRef = 75F944D022AA23A600A24922 /* ImageCell.m */; };
		C37B875BFECBAA69EE2B0C8E /* libPods-Flickr_Assignment.a in Frameworks */ = {isa = PBXBuildFile; fileRef = 7D21B2F48C8389A784C70DBF /* libPods-Flickr_Assignment.a */; };
/* End PBXBuildFile section */

/* Begin PBXContainerItemProxy section */
		188F574522A9A72500D75AFA /* PBXContainerItemProxy */ = {
			isa = PBXContainerItemProxy;
			containerPortal = 188F572122A9A72400D75AFA /* Project object */;
			proxyType = 1;
			remoteGlobalIDString = 188F572822A9A72400D75AFA;
			remoteInfo = Flickr_Assignment;
		};
		188F575022A9A72500D75AFA /* PBXContainerItemProxy */ = {
			isa = PBXContainerItemProxy;
			containerPortal = 188F572122A9A72400D75AFA /* Project object */;
			proxyType = 1;
			remoteGlobalIDString = 188F572822A9A72400D75AFA;
			remoteInfo = Flickr_Assignment;
		};
/* End PBXContainerItemProxy section */

/* Begin PBXFileReference section */
		184E48E522AABD7500D5BCDD /* ImageDtailCell.h */ = {isa = PBXFileReference; fileEncoding = 4; lastKnownFileType = sourcecode.c.h; path = ImageDtailCell.h; sourceTree = "<group>"; };
		184E48E722AABD7600D5BCDD /* ImageDtailCell.m */ = {isa = PBXFileReference; fileEncoding = 4; lastKnownFileType = sourcecode.c.objc; path = ImageDtailCell.m; sourceTree = "<group>"; };
		184E48EB22AABDEB00D5BCDD /* FLAnimatedImage.m */ = {isa = PBXFileReference; fileEncoding = 4; lastKnownFileType = sourcecode.c.objc; path = FLAnimatedImage.m; sourceTree = "<group>"; };
		184E48EC22AABDEB00D5BCDD /* FLAnimatedImageView.m */ = {isa = PBXFileReference; fileEncoding = 4; lastKnownFileType = sourcecode.c.objc; path = FLAnimatedImageView.m; sourceTree = "<group>"; };
		184E48ED22AABDEB00D5BCDD /* FLAnimatedImage.h */ = {isa = PBXFileReference; fileEncoding = 4; lastKnownFileType = sourcecode.c.h; path = FLAnimatedImage.h; sourceTree = "<group>"; };
		184E48EE22AABDEB00D5BCDD /* FLAnimatedImageView.h */ = {isa = PBXFileReference; fileEncoding = 4; lastKnownFileType = sourcecode.c.h; path = FLAnimatedImageView.h; sourceTree = "<group>"; };
		184E48F122AABDFD00D5BCDD /* XLImageLoading.m */ = {isa = PBXFileReference; fileEncoding = 4; lastKnownFileType = sourcecode.c.objc; path = XLImageLoading.m; sourceTree = "<group>"; };
		184E48F222AABDFD00D5BCDD /* XLImageLoading.h */ = {isa = PBXFileReference; fileEncoding = 4; lastKnownFileType = sourcecode.c.h; path = XLImageLoading.h; sourceTree = "<group>"; };
		184E495E22AB377600D5BCDD /* DetailImageView.h */ = {isa = PBXFileReference; fileEncoding = 4; lastKnownFileType = sourcecode.c.h; path = DetailImageView.h; sourceTree = "<group>"; };
		184E495F22AB377600D5BCDD /* DetailImageView.m */ = {isa = PBXFileReference; fileEncoding = 4; lastKnownFileType = sourcecode.c.objc; path = DetailImageView.m; sourceTree = "<group>"; };
		184E496122AB6D1F00D5BCDD /* DetailImageInfo.h */ = {isa = PBXFileReference; lastKnownFileType = sourcecode.c.h; path = DetailImageInfo.h; sourceTree = "<group>"; };
		184E496222AB6D1F00D5BCDD /* DetailImageInfo.m */ = {isa = PBXFileReference; lastKnownFileType = sourcecode.c.objc; path = DetailImageInfo.m; sourceTree = "<group>"; };
		184E496622AC194E00D5BCDD /* ImageModelTests.m */ = {isa = PBXFileReference; lastKnownFileType = sourcecode.c.objc; path = ImageModelTests.m; sourceTree = "<group>"; };
		184E496822AC1D0600D5BCDD /* Header.h */ = {isa = PBXFileReference; lastKnownFileType = sourcecode.c.h; path = Header.h; sourceTree = "<group>"; };
		184E496D22AC4C6D00D5BCDD /* CoreDataPublicFunction.h */ = {isa = PBXFileReference; fileEncoding = 4; lastKnownFileType = sourcecode.c.h; path = CoreDataPublicFunction.h; sourceTree = "<group>"; };
		184E496E22AC4C6D00D5BCDD /* CoreDataAPI.h */ = {isa = PBXFileReference; fileEncoding = 4; lastKnownFileType = sourcecode.c.h; path = CoreDataAPI.h; sourceTree = "<group>"; };
		184E496F22AC4C6D00D5BCDD /* CoreDataPublicFunction.m */ = {isa = PBXFileReference; fileEncoding = 4; lastKnownFileType = sourcecode.c.objc; path = CoreDataPublicFunction.m; sourceTree = "<group>"; };
		184E497022AC4C6D00D5BCDD /* CoreDataAPI.m */ = {isa = PBXFileReference; fileEncoding = 4; lastKnownFileType = sourcecode.c.objc; path = CoreDataAPI.m; sourceTree = "<group>"; };
		188F572922A9A72400D75AFA /* Flickr_Assignment.app */ = {isa = PBXFileReference; explicitFileType = wrapper.application; includeInIndex = 0; path = Flickr_Assignment.app; sourceTree = BUILT_PRODUCTS_DIR; };
		188F572C22A9A72400D75AFA /* AppDelegate.h */ = {isa = PBXFileReference; lastKnownFileType = sourcecode.c.h; path = AppDelegate.h; sourceTree = "<group>"; };
		188F572D22A9A72400D75AFA /* AppDelegate.m */ = {isa = PBXFileReference; lastKnownFileType = sourcecode.c.objc; path = AppDelegate.m; sourceTree = "<group>"; };
		188F572F22A9A72400D75AFA /* MainViewController.h */ = {isa = PBXFileReference; lastKnownFileType = sourcecode.c.h; path = MainViewController.h; sourceTree = "<group>"; };
		188F573022A9A72400D75AFA /* MainViewController.m */ = {isa = PBXFileReference; lastKnownFileType = sourcecode.c.objc; path = MainViewController.m; sourceTree = "<group>"; };
		188F573322A9A72400D75AFA /* Base */ = {isa = PBXFileReference; lastKnownFileType = file.storyboard; name = Base; path = Base.lproj/Main.storyboard; sourceTree = "<group>"; };
		188F573622A9A72400D75AFA /* Flickr_Assignment.xcdatamodel */ = {isa = PBXFileReference; lastKnownFileType = wrapper.xcdatamodel; path = Flickr_Assignment.xcdatamodel; sourceTree = "<group>"; };
		188F573822A9A72500D75AFA /* Assets.xcassets */ = {isa = PBXFileReference; lastKnownFileType = folder.assetcatalog; path = Assets.xcassets; sourceTree = "<group>"; };
		188F573B22A9A72500D75AFA /* Base */ = {isa = PBXFileReference; lastKnownFileType = file.storyboard; name = Base; path = Base.lproj/LaunchScreen.storyboard; sourceTree = "<group>"; };
		188F573D22A9A72500D75AFA /* Info.plist */ = {isa = PBXFileReference; lastKnownFileType = text.plist.xml; path = Info.plist; sourceTree = "<group>"; };
		188F573E22A9A72500D75AFA /* main.m */ = {isa = PBXFileReference; lastKnownFileType = sourcecode.c.objc; path = main.m; sourceTree = "<group>"; };
		188F574422A9A72500D75AFA /* Flickr_AssignmentTests.xctest */ = {isa = PBXFileReference; explicitFileType = wrapper.cfbundle; includeInIndex = 0; path = Flickr_AssignmentTests.xctest; sourceTree = BUILT_PRODUCTS_DIR; };
		188F574822A9A72500D75AFA /* Flickr_AssignmentTests.m */ = {isa = PBXFileReference; lastKnownFileType = sourcecode.c.objc; path = Flickr_AssignmentTests.m; sourceTree = "<group>"; };
		188F574A22A9A72500D75AFA /* Info.plist */ = {isa = PBXFileReference; lastKnownFileType = text.plist.xml; path = Info.plist; sourceTree = "<group>"; };
		188F574F22A9A72500D75AFA /* Flickr_AssignmentUITests.xctest */ = {isa = PBXFileReference; explicitFileType = wrapper.cfbundle; includeInIndex = 0; path = Flickr_AssignmentUITests.xctest; sourceTree = BUILT_PRODUCTS_DIR; };
		188F575322A9A72500D75AFA /* Flickr_AssignmentUITests.m */ = {isa = PBXFileReference; lastKnownFileType = sourcecode.c.objc; path = Flickr_AssignmentUITests.m; sourceTree = "<group>"; };
		188F575522A9A72500D75AFA /* Info.plist */ = {isa = PBXFileReference; lastKnownFileType = text.plist.xml; path = Info.plist; sourceTree = "<group>"; };
		251C84C2C48B1FC841BDA674 /* Pods-Flickr_Assignment.release.xcconfig */ = {isa = PBXFileReference; includeInIndex = 1; lastKnownFileType = text.xcconfig; name = "Pods-Flickr_Assignment.release.xcconfig"; path = "Pods/Target Support Files/Pods-Flickr_Assignment/Pods-Flickr_Assignment.release.xcconfig"; sourceTree = "<group>"; };
		752D44A822AA02D6008B3811 /* ImageModel.h */ = {isa = PBXFileReference; lastKnownFileType = sourcecode.c.h; path = ImageModel.h; sourceTree = "<group>"; };
		752D44A922AA02D6008B3811 /* ImageModel.m */ = {isa = PBXFileReference; lastKnownFileType = sourcecode.c.objc; path = ImageModel.m; sourceTree = "<group>"; };
		752D44AE22AA04E7008B3811 /* XCWaterFlowLayout.h */ = {isa = PBXFileReference; lastKnownFileType = sourcecode.c.h; path = XCWaterFlowLayout.h; sourceTree = "<group>"; };
		752D44AF22AA04E7008B3811 /* XCWaterFlowLayout.m */ = {isa = PBXFileReference; lastKnownFileType = sourcecode.c.objc; path = XCWaterFlowLayout.m; sourceTree = "<group>"; };
		75F944CF22AA23A600A24922 /* ImageCell.h */ = {isa = PBXFileReference; lastKnownFileType = sourcecode.c.h; path = ImageCell.h; sourceTree = "<group>"; };
		75F944D022AA23A600A24922 /* ImageCell.m */ = {isa = PBXFileReference; lastKnownFileType = sourcecode.c.objc; path = ImageCell.m; sourceTree = "<group>"; };
		7D21B2F48C8389A784C70DBF /* libPods-Flickr_Assignment.a */ = {isa = PBXFileReference; explicitFileType = archive.ar; includeInIndex = 0; path = "libPods-Flickr_Assignment.a"; sourceTree = BUILT_PRODUCTS_DIR; };
		8973F72BD8126D9545F60945 /* Pods-Flickr_Assignment.debug.xcconfig */ = {isa = PBXFileReference; includeInIndex = 1; lastKnownFileType = text.xcconfig; name = "Pods-Flickr_Assignment.debug.xcconfig"; path = "Pods/Target Support Files/Pods-Flickr_Assignment/Pods-Flickr_Assignment.debug.xcconfig"; sourceTree = "<group>"; };
/* End PBXFileReference section */

/* Begin PBXFrameworksBuildPhase section */
		188F572622A9A72400D75AFA /* Frameworks */ = {
			isa = PBXFrameworksBuildPhase;
			buildActionMask = 2147483647;
			files = (
				C37B875BFECBAA69EE2B0C8E /* libPods-Flickr_Assignment.a in Frameworks */,
			);
			runOnlyForDeploymentPostprocessing = 0;
		};
		188F574122A9A72500D75AFA /* Frameworks */ = {
			isa = PBXFrameworksBuildPhase;
			buildActionMask = 2147483647;
			files = (
			);
			runOnlyForDeploymentPostprocessing = 0;
		};
		188F574C22A9A72500D75AFA /* Frameworks */ = {
			isa = PBXFrameworksBuildPhase;
			buildActionMask = 2147483647;
			files = (
			);
			runOnlyForDeploymentPostprocessing = 0;
		};
/* End PBXFrameworksBuildPhase section */

/* Begin PBXGroup section */
		184E48EA22AABDEB00D5BCDD /* FLAnimatedImage */ = {
			isa = PBXGroup;
			children = (
				184E48EB22AABDEB00D5BCDD /* FLAnimatedImage.m */,
				184E48EC22AABDEB00D5BCDD /* FLAnimatedImageView.m */,
				184E48ED22AABDEB00D5BCDD /* FLAnimatedImage.h */,
				184E48EE22AABDEB00D5BCDD /* FLAnimatedImageView.h */,
			);
			path = FLAnimatedImage;
			sourceTree = "<group>";
		};
		184E496922AC396400D5BCDD /* LoadingView */ = {
			isa = PBXGroup;
			children = (
				184E48F222AABDFD00D5BCDD /* XLImageLoading.h */,
				184E48F122AABDFD00D5BCDD /* XLImageLoading.m */,
			);
			path = LoadingView;
			sourceTree = "<group>";
		};
		184E496A22AC475300D5BCDD /* ImageDetailView */ = {
			isa = PBXGroup;
			children = (
				184E496122AB6D1F00D5BCDD /* DetailImageInfo.h */,
				184E496222AB6D1F00D5BCDD /* DetailImageInfo.m */,
				184E48E522AABD7500D5BCDD /* ImageDtailCell.h */,
				184E48E722AABD7600D5BCDD /* ImageDtailCell.m */,
				184E495E22AB377600D5BCDD /* DetailImageView.h */,
				184E495F22AB377600D5BCDD /* DetailImageView.m */,
			);
			path = ImageDetailView;
			sourceTree = "<group>";
		};
		184E496B22AC478A00D5BCDD /* FirstCollectionView */ = {
			isa = PBXGroup;
			children = (
				752D44AE22AA04E7008B3811 /* XCWaterFlowLayout.h */,
				752D44AF22AA04E7008B3811 /* XCWaterFlowLayout.m */,
				75F944CF22AA23A600A24922 /* ImageCell.h */,
				75F944D022AA23A600A24922 /* ImageCell.m */,
			);
			path = FirstCollectionView;
			sourceTree = "<group>";
		};
		184E496C22AC4C6D00D5BCDD /* CoreDataEncapsulation */ = {
			isa = PBXGroup;
			children = (
				184E496D22AC4C6D00D5BCDD /* CoreDataPublicFunction.h */,
				184E496E22AC4C6D00D5BCDD /* CoreDataAPI.h */,
				184E496F22AC4C6D00D5BCDD /* CoreDataPublicFunction.m */,
				184E497022AC4C6D00D5BCDD /* CoreDataAPI.m */,
			);
			path = CoreDataEncapsulation;
			sourceTree = "<group>";
		};
		188F572022A9A72400D75AFA = {
			isa = PBXGroup;
			children = (
				188F572B22A9A72400D75AFA /* Flickr_Assignment */,
				188F574722A9A72500D75AFA /* Flickr_AssignmentTests */,
				188F575222A9A72500D75AFA /* Flickr_AssignmentUITests */,
				188F572A22A9A72400D75AFA /* Products */,
				AF3035F32DB266C16B7A70BC /* Pods */,
				BB45C3EC3310BD9344E0AF78 /* Frameworks */,
			);
			sourceTree = "<group>";
		};
		188F572A22A9A72400D75AFA /* Products */ = {
			isa = PBXGroup;
			children = (
				188F572922A9A72400D75AFA /* Flickr_Assignment.app */,
				188F574422A9A72500D75AFA /* Flickr_AssignmentTests.xctest */,
				188F574F22A9A72500D75AFA /* Flickr_AssignmentUITests.xctest */,
			);
			name = Products;
			sourceTree = "<group>";
		};
		188F572B22A9A72400D75AFA /* Flickr_Assignment */ = {
			isa = PBXGroup;
			children = (
				188F576322A9A7E400D75AFA /* Controller */,
				188F576222A9A7D000D75AFA /* Model */,
				188F576122A9A7BA00D75AFA /* View */,
				188F572C22A9A72400D75AFA /* AppDelegate.h */,
				188F572D22A9A72400D75AFA /* AppDelegate.m */,
				184E496822AC1D0600D5BCDD /* Header.h */,
				188F573222A9A72400D75AFA /* Main.storyboard */,
				188F573822A9A72500D75AFA /* Assets.xcassets */,
				188F573A22A9A72500D75AFA /* LaunchScreen.storyboard */,
				188F573D22A9A72500D75AFA /* Info.plist */,
				188F573E22A9A72500D75AFA /* main.m */,
				188F573522A9A72400D75AFA /* Flickr_Assignment.xcdatamodeld */,
			);
			path = Flickr_Assignment;
			sourceTree = "<group>";
		};
		188F574722A9A72500D75AFA /* Flickr_AssignmentTests */ = {
			isa = PBXGroup;
			children = (
				184E496622AC194E00D5BCDD /* ImageModelTests.m */,
				188F574822A9A72500D75AFA /* Flickr_AssignmentTests.m */,
				188F574A22A9A72500D75AFA /* Info.plist */,
			);
			path = Flickr_AssignmentTests;
			sourceTree = "<group>";
		};
		188F575222A9A72500D75AFA /* Flickr_AssignmentUITests */ = {
			isa = PBXGroup;
			children = (
				188F575322A9A72500D75AFA /* Flickr_AssignmentUITests.m */,
				188F575522A9A72500D75AFA /* Info.plist */,
			);
			path = Flickr_AssignmentUITests;
			sourceTree = "<group>";
		};
		188F576122A9A7BA00D75AFA /* View */ = {
			isa = PBXGroup;
			children = (
				184E496B22AC478A00D5BCDD /* FirstCollectionView */,
				184E496A22AC475300D5BCDD /* ImageDetailView */,
				184E496922AC396400D5BCDD /* LoadingView */,
				184E48EA22AABDEB00D5BCDD /* FLAnimatedImage */,
			);
			path = View;
			sourceTree = "<group>";
		};
		188F576222A9A7D000D75AFA /* Model */ = {
			isa = PBXGroup;
			children = (
				184E496C22AC4C6D00D5BCDD /* CoreDataEncapsulation */,
				752D44A822AA02D6008B3811 /* ImageModel.h */,
				752D44A922AA02D6008B3811 /* ImageModel.m */,
			);
			path = Model;
			sourceTree = "<group>";
		};
		188F576322A9A7E400D75AFA /* Controller */ = {
			isa = PBXGroup;
			children = (
				188F572F22A9A72400D75AFA /* MainViewController.h */,
				188F573022A9A72400D75AFA /* MainViewController.m */,
			);
			path = Controller;
			sourceTree = "<group>";
		};
		AF3035F32DB266C16B7A70BC /* Pods */ = {
			isa = PBXGroup;
			children = (
				8973F72BD8126D9545F60945 /* Pods-Flickr_Assignment.debug.xcconfig */,
				251C84C2C48B1FC841BDA674 /* Pods-Flickr_Assignment.release.xcconfig */,
			);
			name = Pods;
			sourceTree = "<group>";
		};
		BB45C3EC3310BD9344E0AF78 /* Frameworks */ = {
			isa = PBXGroup;
			children = (
				7D21B2F48C8389A784C70DBF /* libPods-Flickr_Assignment.a */,
			);
			name = Frameworks;
			sourceTree = "<group>";
		};
/* End PBXGroup section */

/* Begin PBXNativeTarget section */
		188F572822A9A72400D75AFA /* Flickr_Assignment */ = {
			isa = PBXNativeTarget;
			buildConfigurationList = 188F575822A9A72500D75AFA /* Build configuration list for PBXNativeTarget "Flickr_Assignment" */;
			buildPhases = (
				ADD4B7100AACACE9188C5007 /* [CP] Check Pods Manifest.lock */,
				188F572522A9A72400D75AFA /* Sources */,
				188F572622A9A72400D75AFA /* Frameworks */,
				188F572722A9A72400D75AFA /* Resources */,
				8E51752F6F613F561DBBA666 /* [CP] Copy Pods Resources */,
			);
			buildRules = (
			);
			dependencies = (
			);
			name = Flickr_Assignment;
			productName = Flickr_Assignment;
			productReference = 188F572922A9A72400D75AFA /* Flickr_Assignment.app */;
			productType = "com.apple.product-type.application";
		};
		188F574322A9A72500D75AFA /* Flickr_AssignmentTests */ = {
			isa = PBXNativeTarget;
			buildConfigurationList = 188F575B22A9A72500D75AFA /* Build configuration list for PBXNativeTarget "Flickr_AssignmentTests" */;
			buildPhases = (
				188F574022A9A72500D75AFA /* Sources */,
				188F574122A9A72500D75AFA /* Frameworks */,
				188F574222A9A72500D75AFA /* Resources */,
			);
			buildRules = (
			);
			dependencies = (
				188F574622A9A72500D75AFA /* PBXTargetDependency */,
			);
			name = Flickr_AssignmentTests;
			productName = Flickr_AssignmentTests;
			productReference = 188F574422A9A72500D75AFA /* Flickr_AssignmentTests.xctest */;
			productType = "com.apple.product-type.bundle.unit-test";
		};
		188F574E22A9A72500D75AFA /* Flickr_AssignmentUITests */ = {
			isa = PBXNativeTarget;
			buildConfigurationList = 188F575E22A9A72500D75AFA /* Build configuration list for PBXNativeTarget "Flickr_AssignmentUITests" */;
			buildPhases = (
				188F574B22A9A72500D75AFA /* Sources */,
				188F574C22A9A72500D75AFA /* Frameworks */,
				188F574D22A9A72500D75AFA /* Resources */,
			);
			buildRules = (
			);
			dependencies = (
				188F575122A9A72500D75AFA /* PBXTargetDependency */,
			);
			name = Flickr_AssignmentUITests;
			productName = Flickr_AssignmentUITests;
			productReference = 188F574F22A9A72500D75AFA /* Flickr_AssignmentUITests.xctest */;
			productType = "com.apple.product-type.bundle.ui-testing";
		};
/* End PBXNativeTarget section */

/* Begin PBXProject section */
		188F572122A9A72400D75AFA /* Project object */ = {
			isa = PBXProject;
			attributes = {
				LastUpgradeCheck = 1010;
				ORGANIZATIONNAME = "Xin Chen";
				TargetAttributes = {
					188F572822A9A72400D75AFA = {
						CreatedOnToolsVersion = 10.1;
					};
					188F574322A9A72500D75AFA = {
						CreatedOnToolsVersion = 10.1;
						TestTargetID = 188F572822A9A72400D75AFA;
					};
					188F574E22A9A72500D75AFA = {
						CreatedOnToolsVersion = 10.1;
						TestTargetID = 188F572822A9A72400D75AFA;
					};
				};
			};
			buildConfigurationList = 188F572422A9A72400D75AFA /* Build configuration list for PBXProject "Flickr_Assignment" */;
			compatibilityVersion = "Xcode 9.3";
			developmentRegion = en;
			hasScannedForEncodings = 0;
			knownRegions = (
				en,
				Base,
			);
			mainGroup = 188F572022A9A72400D75AFA;
			productRefGroup = 188F572A22A9A72400D75AFA /* Products */;
			projectDirPath = "";
			projectRoot = "";
			targets = (
				188F572822A9A72400D75AFA /* Flickr_Assignment */,
				188F574322A9A72500D75AFA /* Flickr_AssignmentTests */,
				188F574E22A9A72500D75AFA /* Flickr_AssignmentUITests */,
			);
		};
/* End PBXProject section */

/* Begin PBXResourcesBuildPhase section */
		188F572722A9A72400D75AFA /* Resources */ = {
			isa = PBXResourcesBuildPhase;
			buildActionMask = 2147483647;
			files = (
				188F573C22A9A72500D75AFA /* LaunchScreen.storyboard in Resources */,
				188F573922A9A72500D75AFA /* Assets.xcassets in Resources */,
				188F573422A9A72400D75AFA /* Main.storyboard in Resources */,
			);
			runOnlyForDeploymentPostprocessing = 0;
		};
		188F574222A9A72500D75AFA /* Resources */ = {
			isa = PBXResourcesBuildPhase;
			buildActionMask = 2147483647;
			files = (
			);
			runOnlyForDeploymentPostprocessing = 0;
		};
		188F574D22A9A72500D75AFA /* Resources */ = {
			isa = PBXResourcesBuildPhase;
			buildActionMask = 2147483647;
			files = (
			);
			runOnlyForDeploymentPostprocessing = 0;
		};
/* End PBXResourcesBuildPhase section */

/* Begin PBXShellScriptBuildPhase section */
		8E51752F6F613F561DBBA666 /* [CP] Copy Pods Resources */ = {
			isa = PBXShellScriptBuildPhase;
			buildActionMask = 2147483647;
			files = (
			);
			inputPaths = (
				"${SRCROOT}/Pods/Target Support Files/Pods-Flickr_Assignment/Pods-Flickr_Assignment-resources.sh",
				"${PODS_ROOT}/MJRefresh/MJRefresh/MJRefresh.bundle",
			);
			name = "[CP] Copy Pods Resources";
			outputPaths = (
				"${TARGET_BUILD_DIR}/${UNLOCALIZED_RESOURCES_FOLDER_PATH}/MJRefresh.bundle",
			);
			runOnlyForDeploymentPostprocessing = 0;
			shellPath = /bin/sh;
			shellScript = "\"${SRCROOT}/Pods/Target Support Files/Pods-Flickr_Assignment/Pods-Flickr_Assignment-resources.sh\"\n";
			showEnvVarsInLog = 0;
		};
		ADD4B7100AACACE9188C5007 /* [CP] Check Pods Manifest.lock */ = {
			isa = PBXShellScriptBuildPhase;
			buildActionMask = 2147483647;
			files = (
			);
			inputPaths = (
				"${PODS_PODFILE_DIR_PATH}/Podfile.lock",
				"${PODS_ROOT}/Manifest.lock",
			);
			name = "[CP] Check Pods Manifest.lock";
			outputPaths = (
				"$(DERIVED_FILE_DIR)/Pods-Flickr_Assignment-checkManifestLockResult.txt",
			);
			runOnlyForDeploymentPostprocessing = 0;
			shellPath = /bin/sh;
			shellScript = "diff \"${PODS_PODFILE_DIR_PATH}/Podfile.lock\" \"${PODS_ROOT}/Manifest.lock\" > /dev/null\nif [ $? != 0 ] ; then\n    # print error to STDERR\n    echo \"error: The sandbox is not in sync with the Podfile.lock. Run 'pod install' or update your CocoaPods installation.\" >&2\n    exit 1\nfi\n# This output is used by Xcode 'outputs' to avoid re-running this script phase.\necho \"SUCCESS\" > \"${SCRIPT_OUTPUT_FILE_0}\"\n";
			showEnvVarsInLog = 0;
		};
/* End PBXShellScriptBuildPhase section */

/* Begin PBXSourcesBuildPhase section */
		188F572522A9A72400D75AFA /* Sources */ = {
			isa = PBXSourcesBuildPhase;
			buildActionMask = 2147483647;
			files = (
				188F573722A9A72400D75AFA /* Flickr_Assignment.xcdatamodeld in Sources */,
				184E48EF22AABDEB00D5BCDD /* FLAnimatedImage.m in Sources */,
				184E496322AB6D1F00D5BCDD /* DetailImageInfo.m in Sources */,
				184E497122AC4C6E00D5BCDD /* CoreDataPublicFunction.m in Sources */,
				75F944D222AA23A600A24922 /* ImageCell.m in Sources */,
				752D44B022AA04E7008B3811 /* XCWaterFlowLayout.m in Sources */,
				184E48F322AABDFD00D5BCDD /* XLImageLoading.m in Sources */,
				184E497222AC4C6E00D5BCDD /* CoreDataAPI.m in Sources */,
				184E48E922AABD7600D5BCDD /* ImageDtailCell.m in Sources */,
				188F573122A9A72400D75AFA /* MainViewController.m in Sources */,
				188F573F22A9A72500D75AFA /* main.m in Sources */,
				752D44AA22AA02D6008B3811 /* ImageModel.m in Sources */,
				188F572E22A9A72400D75AFA /* AppDelegate.m in Sources */,
				184E48F022AABDEB00D5BCDD /* FLAnimatedImageView.m in Sources */,
				184E496022AB377600D5BCDD /* DetailImageView.m in Sources */,
			);
			runOnlyForDeploymentPostprocessing = 0;
		};
		188F574022A9A72500D75AFA /* Sources */ = {
			isa = PBXSourcesBuildPhase;
			buildActionMask = 2147483647;
			files = (
				188F574922A9A72500D75AFA /* Flickr_AssignmentTests.m in Sources */,
				184E496722AC194E00D5BCDD /* ImageModelTests.m in Sources */,
			);
			runOnlyForDeploymentPostprocessing = 0;
		};
		188F574B22A9A72500D75AFA /* Sources */ = {
			isa = PBXSourcesBuildPhase;
			buildActionMask = 2147483647;
			files = (
				188F575422A9A72500D75AFA /* Flickr_AssignmentUITests.m in Sources */,
			);
			runOnlyForDeploymentPostprocessing = 0;
		};
/* End PBXSourcesBuildPhase section */

/* Begin PBXTargetDependency section */
		188F574622A9A72500D75AFA /* PBXTargetDependency */ = {
			isa = PBXTargetDependency;
			target = 188F572822A9A72400D75AFA /* Flickr_Assignment */;
			targetProxy = 188F574522A9A72500D75AFA /* PBXContainerItemProxy */;
		};
		188F575122A9A72500D75AFA /* PBXTargetDependency */ = {
			isa = PBXTargetDependency;
			target = 188F572822A9A72400D75AFA /* Flickr_Assignment */;
			targetProxy = 188F575022A9A72500D75AFA /* PBXContainerItemProxy */;
		};
/* End PBXTargetDependency section */

/* Begin PBXVariantGroup section */
		188F573222A9A72400D75AFA /* Main.storyboard */ = {
			isa = PBXVariantGroup;
			children = (
				188F573322A9A72400D75AFA /* Base */,
			);
			name = Main.storyboard;
			sourceTree = "<group>";
		};
		188F573A22A9A72500D75AFA /* LaunchScreen.storyboard */ = {
			isa = PBXVariantGroup;
			children = (
				188F573B22A9A72500D75AFA /* Base */,
			);
			name = LaunchScreen.storyboard;
			sourceTree = "<group>";
		};
/* End PBXVariantGroup section */

/* Begin XCBuildConfiguration section */
		188F575622A9A72500D75AFA /* Debug */ = {
			isa = XCBuildConfiguration;
			buildSettings = {
				ALWAYS_SEARCH_USER_PATHS = NO;
				CLANG_ANALYZER_NONNULL = YES;
				CLANG_ANALYZER_NUMBER_OBJECT_CONVERSION = YES_AGGRESSIVE;
				CLANG_CXX_LANGUAGE_STANDARD = "gnu++14";
				CLANG_CXX_LIBRARY = "libc++";
				CLANG_ENABLE_MODULES = YES;
				CLANG_ENABLE_OBJC_ARC = YES;
				CLANG_ENABLE_OBJC_WEAK = YES;
				CLANG_WARN_BLOCK_CAPTURE_AUTORELEASING = YES;
				CLANG_WARN_BOOL_CONVERSION = YES;
				CLANG_WARN_COMMA = YES;
				CLANG_WARN_CONSTANT_CONVERSION = YES;
				CLANG_WARN_DEPRECATED_OBJC_IMPLEMENTATIONS = YES;
				CLANG_WARN_DIRECT_OBJC_ISA_USAGE = YES_ERROR;
				CLANG_WARN_DOCUMENTATION_COMMENTS = YES;
				CLANG_WARN_EMPTY_BODY = YES;
				CLANG_WARN_ENUM_CONVERSION = YES;
				CLANG_WARN_INFINITE_RECURSION = YES;
				CLANG_WARN_INT_CONVERSION = YES;
				CLANG_WARN_NON_LITERAL_NULL_CONVERSION = YES;
				CLANG_WARN_OBJC_IMPLICIT_RETAIN_SELF = YES;
				CLANG_WARN_OBJC_LITERAL_CONVERSION = YES;
				CLANG_WARN_OBJC_ROOT_CLASS = YES_ERROR;
				CLANG_WARN_RANGE_LOOP_ANALYSIS = YES;
				CLANG_WARN_STRICT_PROTOTYPES = YES;
				CLANG_WARN_SUSPICIOUS_MOVE = YES;
				CLANG_WARN_UNGUARDED_AVAILABILITY = YES_AGGRESSIVE;
				CLANG_WARN_UNREACHABLE_CODE = YES;
				CLANG_WARN__DUPLICATE_METHOD_MATCH = YES;
				CODE_SIGN_IDENTITY = "iPhone Developer";
				COPY_PHASE_STRIP = NO;
				DEBUG_INFORMATION_FORMAT = dwarf;
				ENABLE_STRICT_OBJC_MSGSEND = YES;
				ENABLE_TESTABILITY = YES;
				GCC_C_LANGUAGE_STANDARD = gnu11;
				GCC_DYNAMIC_NO_PIC = NO;
				GCC_NO_COMMON_BLOCKS = YES;
				GCC_OPTIMIZATION_LEVEL = 0;
				GCC_PREPROCESSOR_DEFINITIONS = (
					"DEBUG=1",
					"$(inherited)",
				);
				GCC_WARN_64_TO_32_BIT_CONVERSION = YES;
				GCC_WARN_ABOUT_RETURN_TYPE = YES_ERROR;
				GCC_WARN_UNDECLARED_SELECTOR = YES;
				GCC_WARN_UNINITIALIZED_AUTOS = YES_AGGRESSIVE;
				GCC_WARN_UNUSED_FUNCTION = YES;
				GCC_WARN_UNUSED_VARIABLE = YES;
				IPHONEOS_DEPLOYMENT_TARGET = 9.1;
				MTL_ENABLE_DEBUG_INFO = INCLUDE_SOURCE;
				MTL_FAST_MATH = YES;
				ONLY_ACTIVE_ARCH = YES;
				SDKROOT = iphoneos;
			};
			name = Debug;
		};
		188F575722A9A72500D75AFA /* Release */ = {
			isa = XCBuildConfiguration;
			buildSettings = {
				ALWAYS_SEARCH_USER_PATHS = NO;
				CLANG_ANALYZER_NONNULL = YES;
				CLANG_ANALYZER_NUMBER_OBJECT_CONVERSION = YES_AGGRESSIVE;
				CLANG_CXX_LANGUAGE_STANDARD = "gnu++14";
				CLANG_CXX_LIBRARY = "libc++";
				CLANG_ENABLE_MODULES = YES;
				CLANG_ENABLE_OBJC_ARC = YES;
				CLANG_ENABLE_OBJC_WEAK = YES;
				CLANG_WARN_BLOCK_CAPTURE_AUTORELEASING = YES;
				CLANG_WARN_BOOL_CONVERSION = YES;
				CLANG_WARN_COMMA = YES;
				CLANG_WARN_CONSTANT_CONVERSION = YES;
				CLANG_WARN_DEPRECATED_OBJC_IMPLEMENTATIONS = YES;
				CLANG_WARN_DIRECT_OBJC_ISA_USAGE = YES_ERROR;
				CLANG_WARN_DOCUMENTATION_COMMENTS = YES;
				CLANG_WARN_EMPTY_BODY = YES;
				CLANG_WARN_ENUM_CONVERSION = YES;
				CLANG_WARN_INFINITE_RECURSION = YES;
				CLANG_WARN_INT_CONVERSION = YES;
				CLANG_WARN_NON_LITERAL_NULL_CONVERSION = YES;
				CLANG_WARN_OBJC_IMPLICIT_RETAIN_SELF = YES;
				CLANG_WARN_OBJC_LITERAL_CONVERSION = YES;
				CLANG_WARN_OBJC_ROOT_CLASS = YES_ERROR;
				CLANG_WARN_RANGE_LOOP_ANALYSIS = YES;
				CLANG_WARN_STRICT_PROTOTYPES = YES;
				CLANG_WARN_SUSPICIOUS_MOVE = YES;
				CLANG_WARN_UNGUARDED_AVAILABILITY = YES_AGGRESSIVE;
				CLANG_WARN_UNREACHABLE_CODE = YES;
				CLANG_WARN__DUPLICATE_METHOD_MATCH = YES;
				CODE_SIGN_IDENTITY = "iPhone Developer";
				COPY_PHASE_STRIP = NO;
				DEBUG_INFORMATION_FORMAT = "dwarf-with-dsym";
				ENABLE_NS_ASSERTIONS = NO;
				ENABLE_STRICT_OBJC_MSGSEND = YES;
				GCC_C_LANGUAGE_STANDARD = gnu11;
				GCC_NO_COMMON_BLOCKS = YES;
				GCC_WARN_64_TO_32_BIT_CONVERSION = YES;
				GCC_WARN_ABOUT_RETURN_TYPE = YES_ERROR;
				GCC_WARN_UNDECLARED_SELECTOR = YES;
				GCC_WARN_UNINITIALIZED_AUTOS = YES_AGGRESSIVE;
				GCC_WARN_UNUSED_FUNCTION = YES;
				GCC_WARN_UNUSED_VARIABLE = YES;
				IPHONEOS_DEPLOYMENT_TARGET = 9.1;
				MTL_ENABLE_DEBUG_INFO = NO;
				MTL_FAST_MATH = YES;
				SDKROOT = iphoneos;
				VALIDATE_PRODUCT = YES;
			};
			name = Release;
		};
		188F575922A9A72500D75AFA /* Debug */ = {
			isa = XCBuildConfiguration;
			baseConfigurationReference = 8973F72BD8126D9545F60945 /* Pods-Flickr_Assignment.debug.xcconfig */;
			buildSettings = {
				ASSETCATALOG_COMPILER_APPICON_NAME = AppIcon;
				CODE_SIGN_STYLE = Automatic;
				DEVELOPMENT_TEAM = Q4XNZZZJ66;
				INFOPLIST_FILE = Flickr_Assignment/Info.plist;
				IPHONEOS_DEPLOYMENT_TARGET = 9.1;
				LD_RUNPATH_SEARCH_PATHS = (
					"$(inherited)",
					"@executable_path/Frameworks",
				);
				PRODUCT_BUNDLE_IDENTIFIER = "Ariel.Flickr-Assignment";
				PRODUCT_NAME = "$(TARGET_NAME)";
				TARGETED_DEVICE_FAMILY = "1,2";
			};
			name = Debug;
		};
		188F575A22A9A72500D75AFA /* Release */ = {
			isa = XCBuildConfiguration;
			baseConfigurationReference = 251C84C2C48B1FC841BDA674 /* Pods-Flickr_Assignment.release.xcconfig */;
			buildSettings = {
				ASSETCATALOG_COMPILER_APPICON_NAME = AppIcon;
				CODE_SIGN_STYLE = Automatic;
				DEVELOPMENT_TEAM = Q4XNZZZJ66;
				INFOPLIST_FILE = Flickr_Assignment/Info.plist;
				IPHONEOS_DEPLOYMENT_TARGET = 9.1;
				LD_RUNPATH_SEARCH_PATHS = (
					"$(inherited)",
					"@executable_path/Frameworks",
				);
				PRODUCT_BUNDLE_IDENTIFIER = "Ariel.Flickr-Assignment";
				PRODUCT_NAME = "$(TARGET_NAME)";
				TARGETED_DEVICE_FAMILY = "1,2";
			};
			name = Release;
		};
		188F575C22A9A72500D75AFA /* Debug */ = {
			isa = XCBuildConfiguration;
			buildSettings = {
				BUNDLE_LOADER = "$(TEST_HOST)";
				CODE_SIGN_STYLE = Automatic;
				DEVELOPMENT_TEAM = 9356HDCM28;
				INFOPLIST_FILE = Flickr_AssignmentTests/Info.plist;
				LD_RUNPATH_SEARCH_PATHS = (
					"$(inherited)",
					"@executable_path/Frameworks",
					"@loader_path/Frameworks",
				);
				PRODUCT_BUNDLE_IDENTIFIER = "Ariel.Flickr-AssignmentTests";
				PRODUCT_NAME = "$(TARGET_NAME)";
				TARGETED_DEVICE_FAMILY = "1,2";
				TEST_HOST = "$(BUILT_PRODUCTS_DIR)/Flickr_Assignment.app/Flickr_Assignment";
			};
			name = Debug;
		};
		188F575D22A9A72500D75AFA /* Release */ = {
			isa = XCBuildConfiguration;
			buildSettings = {
				BUNDLE_LOADER = "$(TEST_HOST)";
				CODE_SIGN_STYLE = Automatic;
				DEVELOPMENT_TEAM = 9356HDCM28;
				INFOPLIST_FILE = Flickr_AssignmentTests/Info.plist;
				LD_RUNPATH_SEARCH_PATHS = (
					"$(inherited)",
					"@executable_path/Frameworks",
					"@loader_path/Frameworks",
				);
				PRODUCT_BUNDLE_IDENTIFIER = "Ariel.Flickr-AssignmentTests";
				PRODUCT_NAME = "$(TARGET_NAME)";
				TARGETED_DEVICE_FAMILY = "1,2";
				TEST_HOST = "$(BUILT_PRODUCTS_DIR)/Flickr_Assignment.app/Flickr_Assignment";
			};
			name = Release;
		};
		188F575F22A9A72500D75AFA /* Debug */ = {
			isa = XCBuildConfiguration;
			buildSettings = {
				CODE_SIGN_STYLE = Automatic;
				DEVELOPMENT_TEAM = 9356HDCM28;
				INFOPLIST_FILE = Flickr_AssignmentUITests/Info.plist;
				LD_RUNPATH_SEARCH_PATHS = (
					"$(inherited)",
					"@executable_path/Frameworks",
					"@loader_path/Frameworks",
				);
				PRODUCT_BUNDLE_IDENTIFIER = "Ariel.Flickr-AssignmentUITests";
				PRODUCT_NAME = "$(TARGET_NAME)";
				TARGETED_DEVICE_FAMILY = "1,2";
				TEST_TARGET_NAME = Flickr_Assignment;
			};
			name = Debug;
		};
		188F576022A9A72500D75AFA /* Release */ = {
			isa = XCBuildConfiguration;
			buildSettings = {
				CODE_SIGN_STYLE = Automatic;
				DEVELOPMENT_TEAM = 9356HDCM28;
				INFOPLIST_FILE = Flickr_AssignmentUITests/Info.plist;
				LD_RUNPATH_SEARCH_PATHS = (
					"$(inherited)",
					"@executable_path/Frameworks",
					"@loader_path/Frameworks",
				);
				PRODUCT_BUNDLE_IDENTIFIER = "Ariel.Flickr-AssignmentUITests";
				PRODUCT_NAME = "$(TARGET_NAME)";
				TARGETED_DEVICE_FAMILY = "1,2";
				TEST_TARGET_NAME = Flickr_Assignment;
			};
			name = Release;
		};
/* End XCBuildConfiguration section */

/* Begin XCConfigurationList section */
		188F572422A9A72400D75AFA /* Build configuration list for PBXProject "Flickr_Assignment" */ = {
			isa = XCConfigurationList;
			buildConfigurations = (
				188F575622A9A72500D75AFA /* Debug */,
				188F575722A9A72500D75AFA /* Release */,
			);
			defaultConfigurationIsVisible = 0;
			defaultConfigurationName = Release;
		};
		188F575822A9A72500D75AFA /* Build configuration list for PBXNativeTarget "Flickr_Assignment" */ = {
			isa = XCConfigurationList;
			buildConfigurations = (
				188F575922A9A72500D75AFA /* Debug */,
				188F575A22A9A72500D75AFA /* Release */,
			);
			defaultConfigurationIsVisible = 0;
			defaultConfigurationName = Release;
		};
		188F575B22A9A72500D75AFA /* Build configuration list for PBXNativeTarget "Flickr_AssignmentTests" */ = {
			isa = XCConfigurationList;
			buildConfigurations = (
				188F575C22A9A72500D75AFA /* Debug */,
				188F575D22A9A72500D75AFA /* Release */,
			);
			defaultConfigurationIsVisible = 0;
			defaultConfigurationName = Release;
		};
		188F575E22A9A72500D75AFA /* Build configuration list for PBXNativeTarget "Flickr_AssignmentUITests" */ = {
			isa = XCConfigurationList;
			buildConfigurations = (
				188F575F22A9A72500D75AFA /* Debug */,
				188F576022A9A72500D75AFA /* Release */,
			);
			defaultConfigurationIsVisible = 0;
			defaultConfigurationName = Release;
		};
/* End XCConfigurationList section */

/* Begin XCVersionGroup section */
		188F573522A9A72400D75AFA /* Flickr_Assignment.xcdatamodeld */ = {
			isa = XCVersionGroup;
			children = (
				188F573622A9A72400D75AFA /* Flickr_Assignment.xcdatamodel */,
			);
			currentVersion = 188F573622A9A72400D75AFA /* Flickr_Assignment.xcdatamodel */;
			path = Flickr_Assignment.xcdatamodeld;
			sourceTree = "<group>";
			versionGroupType = wrapper.xcdatamodel;
		};
/* End XCVersionGroup section */
	};
	rootObject = 188F572122A9A72400D75AFA /* Project object */;
}
